<?xml version="1.0" encoding="utf-8"?>
<Project ToolsVersion="4.0" xmlns="http://schemas.microsoft.com/developer/msbuild/2003">
  <ItemGroup>
    <Filter Include="소스 파일">
      <UniqueIdentifier>{4FC737F1-C7A5-4376-A066-2A32D752A2FF}</UniqueIdentifier>
      <Extensions>cpp;c;cc;cxx;def;odl;idl;hpj;bat;asm;asmx</Extensions>
    </Filter>
    <Filter Include="헤더 파일">
      <UniqueIdentifier>{93995380-89BD-4b04-88EB-625FBE52EBFB}</UniqueIdentifier>
      <Extensions>h;hh;hpp;hxx;hm;inl;inc;ipp;xsd</Extensions>
    </Filter>
    <Filter Include="리소스 파일">
      <UniqueIdentifier>{67DA6AB6-F800-4c08-8B7A-83BB121AAD01}</UniqueIdentifier>
      <Extensions>rc;ico;cur;bmp;dlg;rc2;rct;bin;rgs;gif;jpg;jpeg;jpe;resx;tiff;tif;png;wav;mfcribbon-ms</Extensions>
    </Filter>
    <Filter Include="01. GameMode">
      <UniqueIdentifier>{d70aacae-a0d1-4cb3-9307-2c209b299925}</UniqueIdentifier>
    </Filter>
    <Filter Include="02. Object">
      <UniqueIdentifier>{ed210996-4686-43cf-b406-142cc2143d94}</UniqueIdentifier>
    </Filter>
    <Filter Include="02. Object\01. UI">
      <UniqueIdentifier>{3dfc4d31-31c3-4d85-b83f-9063219c72f3}</UniqueIdentifier>
    </Filter>
    <Filter Include="02. Object\02. Map">
      <UniqueIdentifier>{f885cfd1-fe23-4974-bab5-c3cf9a152f1a}</UniqueIdentifier>
    </Filter>
    <Filter Include="HK">
      <UniqueIdentifier>{cc10c63c-a4e4-4045-967a-859c5d7c5607}</UniqueIdentifier>
    </Filter>
    <Filter Include="HK\01. Mode">
      <UniqueIdentifier>{dedbe2a0-7fd8-4cc0-8a10-475aa96f5af3}</UniqueIdentifier>
    </Filter>
    <Filter Include="HK\02. UI">
      <UniqueIdentifier>{51b2ab3e-5cbd-4a0e-9b36-5857d023e3c3}</UniqueIdentifier>
    </Filter>
    <Filter Include="HK\03. Effect">
      <UniqueIdentifier>{dc87dbd7-ea7b-4612-b327-8ddbe52c8e33}</UniqueIdentifier>
    </Filter>
    <Filter Include="HK\04. Object">
      <UniqueIdentifier>{b6fdacc4-f44c-432a-88a4-5f11a10b76b9}</UniqueIdentifier>
    </Filter>
    <Filter Include="HK\03. Effect\01. FireBall">
      <UniqueIdentifier>{5ecd8385-90e9-4717-b741-836de2f5c228}</UniqueIdentifier>
    </Filter>
    <Filter Include="HK\03. Effect\02. Heal">
      <UniqueIdentifier>{c8a46881-cc7d-452c-b713-eefb43fb4bcd}</UniqueIdentifier>
    </Filter>
    <Filter Include="HK\04. Object\01. Bug">
      <UniqueIdentifier>{2c16d3a2-3e05-46c7-a3a5-3b426edfd95a}</UniqueIdentifier>
    </Filter>
    <Filter Include="HK\04. Object\01. Bug\Parent">
      <UniqueIdentifier>{e3dcb819-16a8-48a1-9f8f-969400834217}</UniqueIdentifier>
    </Filter>
    <Filter Include="HK\05. HKTileMap">
      <UniqueIdentifier>{871b4f71-dc95-4911-96df-3d4748e39c9b}</UniqueIdentifier>
    </Filter>
    <Filter Include="HK\06. HKExcelManager">
      <UniqueIdentifier>{a786fc6c-2146-477a-8439-9840a37cbfaa}</UniqueIdentifier>
    </Filter>
    <Filter Include="HK\04. Object\02. Stage">
      <UniqueIdentifier>{f73ed527-5bf3-4bf8-a821-d7538ccbf7d5}</UniqueIdentifier>
    </Filter>
    <Filter Include="HK\04. Object\03. Text">
      <UniqueIdentifier>{1d05b48c-6bc1-4d38-953a-81471254972b}</UniqueIdentifier>
    </Filter>
    <Filter Include="HK\04. Object\04. Sound">
      <UniqueIdentifier>{ccd76f09-6480-4f9f-9bf1-714b928e5c6b}</UniqueIdentifier>
    </Filter>
    <Filter Include="HK\04. Object\05. Grass">
      <UniqueIdentifier>{cdcf8fde-5f48-4fa8-bae8-3b6f8587b143}</UniqueIdentifier>
    </Filter>
    <Filter Include="HK\04. Object\06. Statue">
      <UniqueIdentifier>{83ddc702-869f-4a3a-a087-9281149adc8d}</UniqueIdentifier>
    </Filter>
    <Filter Include="HK\04. Object\07. Pole">
      <UniqueIdentifier>{d80de54f-5ae2-41cc-ad6d-d8f50e66b526}</UniqueIdentifier>
    </Filter>
    <Filter Include="HK\03. Effect\03. FalseKing">
      <UniqueIdentifier>{bfc39c44-25f1-4a7f-ba69-7d4d02497431}</UniqueIdentifier>
    </Filter>
    <Filter Include="HK\04. Object\08. Coin">
      <UniqueIdentifier>{7cd834af-3463-4eec-8dba-4eb8e6e816b9}</UniqueIdentifier>
    </Filter>
    <Filter Include="HK\03. Effect\04. Darkness">
      <UniqueIdentifier>{767a94a8-9dd4-4737-b8da-dabdd88a877f}</UniqueIdentifier>
    </Filter>
    <Filter Include="HK\03. Effect\00.">
      <UniqueIdentifier>{3182d34c-f1c7-4900-a9d8-4f8e9fb83bdf}</UniqueIdentifier>
    </Filter>
    <Filter Include="HK\03. Effect\05. CoinEffect">
      <UniqueIdentifier>{e96fb860-a2d8-47bb-a0ec-bfed59c528a2}</UniqueIdentifier>
    </Filter>
    <Filter Include="HK\04. Object\09. Door">
      <UniqueIdentifier>{3f50d4d9-234a-4a8d-b99d-d7d4742d018a}</UniqueIdentifier>
    </Filter>
  </ItemGroup>
  <ItemGroup>
    <ClCompile Include="main.cpp">
      <Filter>소스 파일</Filter>
    </ClCompile>
    <ClCompile Include="GameMode\MainGameMode.cpp">
      <Filter>01. GameMode</Filter>
    </ClCompile>
    <ClCompile Include="Object\TestObject.cpp">
      <Filter>02. Object</Filter>
    </ClCompile>
    <ClCompile Include="Object\Bullet.cpp">
      <Filter>02. Object</Filter>
    </ClCompile>
    <ClCompile Include="Object\Minion.cpp">
      <Filter>02. Object</Filter>
    </ClCompile>
    <ClCompile Include="Object\ChildObj.cpp">
      <Filter>02. Object</Filter>
    </ClCompile>
    <ClCompile Include="Object\TestPixelCollision.cpp">
      <Filter>02. Object</Filter>
    </ClCompile>
    <ClCompile Include="Object\TestButton.cpp">
      <Filter>02. Object\01. UI</Filter>
    </ClCompile>
    <ClCompile Include="Object\TestBar.cpp">
      <Filter>02. Object\01. UI</Filter>
    </ClCompile>
    <ClCompile Include="GameMode\StartGameMode.cpp">
      <Filter>01. GameMode</Filter>
    </ClCompile>
    <ClCompile Include="Object\StartButton.cpp">
      <Filter>02. Object\01. UI</Filter>
    </ClCompile>
    <ClCompile Include="Object\MainMap.cpp">
      <Filter>02. Object\02. Map</Filter>
    </ClCompile>
    <ClCompile Include="RandomNumber.cpp">
      <Filter>소스 파일</Filter>
    </ClCompile>
    <ClCompile Include="HK\FireBall.cpp">
      <Filter>HK\03. Effect\01. FireBall</Filter>
    </ClCompile>
    <ClCompile Include="HK\FireBallHit.cpp">
      <Filter>HK\03. Effect\01. FireBall</Filter>
    </ClCompile>
    <ClCompile Include="HK\FireBallStart.cpp">
      <Filter>HK\03. Effect\01. FireBall</Filter>
    </ClCompile>
    <ClCompile Include="HK\Healing.cpp">
      <Filter>HK\03. Effect\02. Heal</Filter>
    </ClCompile>
    <ClCompile Include="HK\HealOver.cpp">
      <Filter>HK\03. Effect\02. Heal</Filter>
    </ClCompile>
    <ClCompile Include="HK\HealStart.cpp">
      <Filter>HK\03. Effect\02. Heal</Filter>
    </ClCompile>
    <ClCompile Include="HK\HKButton.cpp">
      <Filter>HK\02. UI</Filter>
    </ClCompile>
    <ClCompile Include="HK\HKMode.cpp">
      <Filter>HK\01. Mode</Filter>
    </ClCompile>
    <ClCompile Include="HK\HollowKnight.cpp">
      <Filter>HK\04. Object</Filter>
    </ClCompile>
    <ClCompile Include="HK\HKMouse.cpp">
      <Filter>HK\02. UI</Filter>
    </ClCompile>
    <ClCompile Include="HK\Sencer.cpp">
      <Filter>HK\04. Object</Filter>
    </ClCompile>
    <ClCompile Include="HK\TestStage.cpp">
      <Filter>HK\04. Object</Filter>
    </ClCompile>
    <ClCompile Include="HK\UIHP.cpp">
      <Filter>HK\02. UI</Filter>
    </ClCompile>
    <ClCompile Include="HK\SetAnimation.cpp">
      <Filter>HK\01. Mode</Filter>
    </ClCompile>
    <ClCompile Include="HK\NewHK.cpp">
      <Filter>HK\04. Object</Filter>
    </ClCompile>
    <ClCompile Include="HK\SetBugAnim.cpp">
      <Filter>HK\01. Mode</Filter>
    </ClCompile>
    <ClCompile Include="HK\DashingBug.cpp">
      <Filter>HK\04. Object\01. Bug</Filter>
    </ClCompile>
    <ClCompile Include="HK\Bug.cpp">
      <Filter>HK\04. Object\01. Bug\Parent</Filter>
    </ClCompile>
    <ClCompile Include="HK\JustBug.cpp">
      <Filter>HK\04. Object\01. Bug</Filter>
    </ClCompile>
    <ClCompile Include="HK\HornBug.cpp">
      <Filter>HK\04. Object\01. Bug</Filter>
    </ClCompile>
    <ClCompile Include="HK\JumpBug.cpp">
      <Filter>HK\04. Object\01. Bug</Filter>
    </ClCompile>
    <ClCompile Include="HK\ShieldBug.cpp">
      <Filter>HK\04. Object\01. Bug</Filter>
    </ClCompile>
    <ClCompile Include="HK\HKTileMap.cpp">
      <Filter>HK\05. HKTileMap</Filter>
    </ClCompile>
    <ClCompile Include="HK\SetStage1.cpp">
      <Filter>HK\01. Mode</Filter>
    </ClCompile>
    <ClCompile Include="HK\HKExcelManager.cpp">
      <Filter>HK\06. HKExcelManager</Filter>
    </ClCompile>
    <ClCompile Include="HKStage.cpp">
      <Filter>HK\04. Object\02. Stage</Filter>
    </ClCompile>
    <ClCompile Include="HK\CoinCount.cpp">
      <Filter>HK\04. Object\03. Text</Filter>
    </ClCompile>
    <ClCompile Include="HK\BGMObject.cpp">
      <Filter>HK\04. Object\04. Sound</Filter>
    </ClCompile>
    <ClCompile Include="HK\EffectSound.cpp">
      <Filter>HK\04. Object\04. Sound</Filter>
    </ClCompile>
    <ClCompile Include="HK\Grass.cpp">
      <Filter>HK\04. Object\05. Grass</Filter>
    </ClCompile>
    <ClCompile Include="HK\GrassParticle.cpp">
      <Filter>HK\04. Object\05. Grass</Filter>
    </ClCompile>
    <ClCompile Include="HK\GrassParticleMesh.cpp">
      <Filter>HK\04. Object\05. Grass</Filter>
    </ClCompile>
    <ClCompile Include="HK\PlaceMonster.cpp">
      <Filter>HK\01. Mode</Filter>
    </ClCompile>
    <ClCompile Include="HK\Statue.cpp">
      <Filter>HK\04. Object\06. Statue</Filter>
    </ClCompile>
    <ClCompile Include="HK\RockParticle.cpp">
      <Filter>HK\04. Object\06. Statue</Filter>
    </ClCompile>
    <ClCompile Include="HK\SmallBug.cpp">
      <Filter>HK\04. Object\01. Bug</Filter>
    </ClCompile>
    <ClCompile Include="HK\Cart.cpp">
      <Filter>HK\04. Object\06. Statue</Filter>
    </ClCompile>
    <ClCompile Include="HK\FlyingBug.cpp">
      <Filter>HK\04. Object\01. Bug</Filter>
    </ClCompile>
    <ClCompile Include="HK\BarrelParticle.cpp">
      <Filter>HK\04. Object\06. Statue</Filter>
    </ClCompile>
    <ClCompile Include="HK\FalseKing.cpp">
      <Filter>HK\04. Object\01. Bug</Filter>
    </ClCompile>
    <ClCompile Include="HK\MightyEffect.cpp">
      <Filter>HK\03. Effect\03. FalseKing</Filter>
    </ClCompile>
    <ClCompile Include="HK\PowerWave.cpp">
      <Filter>HK\03. Effect\03. FalseKing</Filter>
    </ClCompile>
    <ClCompile Include="HK\BloodDust.cpp">
      <Filter>HK\03. Effect\03. FalseKing</Filter>
    </ClCompile>
    <ClCompile Include="HK\Blob.cpp">
      <Filter>HK\03. Effect\03. FalseKing</Filter>
    </ClCompile>
    <ClCompile Include="HK\FireBarrel.cpp">
      <Filter>HK\03. Effect\03. FalseKing</Filter>
    </ClCompile>
    <ClCompile Include="HK\BabyFace.cpp">
      <Filter>HK\03. Effect\03. FalseKing</Filter>
    </ClCompile>
    <ClCompile Include="HK\WhiteBall.cpp">
      <Filter>소스 파일</Filter>
    </ClCompile>
    <ClCompile Include="HK\Coin.cpp">
      <Filter>HK\04. Object\08. Coin</Filter>
    </ClCompile>
    <ClCompile Include="HK\CoinUI.cpp">
      <Filter>HK\02. UI</Filter>
    </ClCompile>
    <ClCompile Include="HK\Portal.cpp">
      <Filter>HK\04. Object</Filter>
    </ClCompile>
    <ClCompile Include="HK\Switch.cpp">
      <Filter>HK\04. Object</Filter>
    </ClCompile>
    <ClCompile Include="HK\Thorns.cpp">
      <Filter>HK\04. Object\05. Grass</Filter>
    </ClCompile>
    <ClCompile Include="HK\Darkness.cpp">
      <Filter>HK\03. Effect\04. Darkness</Filter>
    </ClCompile>
    <ClCompile Include="HK\BlackSoftEffect.cpp">
      <Filter>HK\03. Effect\00.</Filter>
    </ClCompile>
    <ClCompile Include="HK\BlockHitB.cpp">
      <Filter>HK\03. Effect\00.</Filter>
    </ClCompile>
    <ClCompile Include="HK\BlockHitEffect.cpp">
      <Filter>HK\03. Effect\00.</Filter>
    </ClCompile>
    <ClCompile Include="HK\BurstEffect.cpp">
      <Filter>HK\03. Effect\00.</Filter>
    </ClCompile>
    <ClCompile Include="HK\CrackEffect.cpp">
      <Filter>HK\03. Effect\00.</Filter>
    </ClCompile>
    <ClCompile Include="HK\DustEffect.cpp">
      <Filter>HK\03. Effect\00.</Filter>
    </ClCompile>
    <ClCompile Include="HK\GetHit.cpp">
      <Filter>HK\03. Effect\00.</Filter>
    </ClCompile>
    <ClCompile Include="HK\HitEffect.cpp">
      <Filter>HK\03. Effect\00.</Filter>
    </ClCompile>
    <ClCompile Include="HK\HKAttackEffect.cpp">
      <Filter>HK\03. Effect\00.</Filter>
    </ClCompile>
    <ClCompile Include="HK\HPEffect.cpp">
      <Filter>HK\03. Effect\00.</Filter>
    </ClCompile>
    <ClCompile Include="HK\MonsterHitEffect.cpp">
      <Filter>HK\03. Effect\00.</Filter>
    </ClCompile>
    <ClCompile Include="HK\SideEffect.cpp">
      <Filter>HK\03. Effect\00.</Filter>
    </ClCompile>
    <ClCompile Include="HK\SoftEffect.cpp">
      <Filter>HK\03. Effect\00.</Filter>
    </ClCompile>
    <ClCompile Include="HK\LightEffect.cpp">
      <Filter>소스 파일</Filter>
    </ClCompile>
    <ClCompile Include="HK\HPHead.cpp">
      <Filter>HK\02. UI</Filter>
    </ClCompile>
    <ClCompile Include="HK\CoinEffect.cpp">
      <Filter>HK\03. Effect\05. CoinEffect</Filter>
    </ClCompile>
    <ClCompile Include="HK\SoulParticle.cpp">
      <Filter>HK\03. Effect</Filter>
    </ClCompile>
    <ClCompile Include="HK\Door.cpp">
      <Filter>HK\04. Object\09. Door</Filter>
    </ClCompile>
    <ClCompile Include="HK\HitOrange.cpp">
      <Filter>소스 파일</Filter>
    </ClCompile>
    <ClCompile Include="HK\BossText.cpp">
      <Filter>HK\04. Object\03. Text</Filter>
    </ClCompile>
    <ClCompile Include="HK\WaterDrop.cpp">
      <Filter>HK\03. Effect</Filter>
    </ClCompile>
    <ClCompile Include="HK\BugParticle.cpp">
      <Filter>HK\03. Effect</Filter>
    </ClCompile>
    <ClCompile Include="HK\SoundObject.cpp">
      <Filter>소스 파일</Filter>
    </ClCompile>
  </ItemGroup>
  <ItemGroup>
    <ClInclude Include="Client.h">
      <Filter>헤더 파일</Filter>
    </ClInclude>
    <ClInclude Include="resource.h">
      <Filter>헤더 파일</Filter>
    </ClInclude>
    <ClInclude Include="GameMode\MainGameMode.h">
      <Filter>01. GameMode</Filter>
    </ClInclude>
    <ClInclude Include="Object\TestObject.h">
      <Filter>02. Object</Filter>
    </ClInclude>
    <ClInclude Include="Object\Bullet.h">
      <Filter>02. Object</Filter>
    </ClInclude>
    <ClInclude Include="Object\Minion.h">
      <Filter>02. Object</Filter>
    </ClInclude>
    <ClInclude Include="Object\ChildObj.h">
      <Filter>02. Object</Filter>
    </ClInclude>
    <ClInclude Include="Object\TestPixelCollision.h">
      <Filter>02. Object</Filter>
    </ClInclude>
    <ClInclude Include="Object\TestButton.h">
      <Filter>02. Object\01. UI</Filter>
    </ClInclude>
    <ClInclude Include="Object\TestBar.h">
      <Filter>02. Object\01. UI</Filter>
    </ClInclude>
    <ClInclude Include="GameMode\StartGameMode.h">
      <Filter>01. GameMode</Filter>
    </ClInclude>
    <ClInclude Include="Object\StartButton.h">
      <Filter>02. Object\01. UI</Filter>
    </ClInclude>
    <ClInclude Include="Object\MainMap.h">
      <Filter>02. Object\02. Map</Filter>
    </ClInclude>
    <ClInclude Include="RandomNumber.h">
      <Filter>소스 파일</Filter>
    </ClInclude>
    <ClInclude Include="HK\FireBall.h">
      <Filter>HK\03. Effect\01. FireBall</Filter>
    </ClInclude>
    <ClInclude Include="HK\FireBallHit.h">
      <Filter>HK\03. Effect\01. FireBall</Filter>
    </ClInclude>
    <ClInclude Include="HK\FireBallStart.h">
      <Filter>HK\03. Effect\01. FireBall</Filter>
    </ClInclude>
    <ClInclude Include="HK\Healing.h">
      <Filter>HK\03. Effect\02. Heal</Filter>
    </ClInclude>
    <ClInclude Include="HK\HealOver.h">
      <Filter>HK\03. Effect\02. Heal</Filter>
    </ClInclude>
    <ClInclude Include="HK\HealStart.h">
      <Filter>HK\03. Effect\02. Heal</Filter>
    </ClInclude>
    <ClInclude Include="HK\HKButton.h">
      <Filter>HK\02. UI</Filter>
    </ClInclude>
    <ClInclude Include="HK\HKMode.h">
      <Filter>HK\01. Mode</Filter>
    </ClInclude>
    <ClInclude Include="HK\HollowKnight.h">
      <Filter>HK\04. Object</Filter>
    </ClInclude>
    <ClInclude Include="HK\HKMouse.h">
      <Filter>HK\02. UI</Filter>
    </ClInclude>
    <ClInclude Include="HK\Sencer.h">
      <Filter>HK\04. Object</Filter>
    </ClInclude>
    <ClInclude Include="HK\TestStage.h">
      <Filter>HK\04. Object</Filter>
    </ClInclude>
    <ClInclude Include="HK\UIHP.h">
      <Filter>HK\02. UI</Filter>
    </ClInclude>
    <ClInclude Include="HK\NewHK.h">
      <Filter>HK\04. Object</Filter>
    </ClInclude>
    <ClInclude Include="HK\DashingBug.h">
      <Filter>HK\04. Object\01. Bug</Filter>
    </ClInclude>
    <ClInclude Include="HK\Bug.h">
      <Filter>HK\04. Object\01. Bug\Parent</Filter>
    </ClInclude>
    <ClInclude Include="HK\JustBug.h">
      <Filter>HK\04. Object\01. Bug</Filter>
    </ClInclude>
    <ClInclude Include="HK\HornBug.h">
      <Filter>HK\04. Object\01. Bug</Filter>
    </ClInclude>
    <ClInclude Include="HK\JumpBug.h">
      <Filter>HK\04. Object\01. Bug</Filter>
    </ClInclude>
    <ClInclude Include="HK\ShieldBug.h">
      <Filter>HK\04. Object\01. Bug</Filter>
    </ClInclude>
    <ClInclude Include="HK\HKTileMap.h">
      <Filter>HK\05. HKTileMap</Filter>
    </ClInclude>
    <ClInclude Include="HK\HKExcelManager.h">
      <Filter>HK\06. HKExcelManager</Filter>
    </ClInclude>
    <ClInclude Include="HKStage.h">
      <Filter>HK\04. Object\02. Stage</Filter>
    </ClInclude>
    <ClInclude Include="HK\CoinCount.h">
      <Filter>HK\04. Object\03. Text</Filter>
    </ClInclude>
    <ClInclude Include="HK\BGMObject.h">
      <Filter>HK\04. Object\04. Sound</Filter>
    </ClInclude>
    <ClInclude Include="HK\EffectSound.h">
      <Filter>HK\04. Object\04. Sound</Filter>
    </ClInclude>
    <ClInclude Include="HK\Grass.h">
      <Filter>HK\04. Object\05. Grass</Filter>
    </ClInclude>
    <ClInclude Include="HK\GrassParticle.h">
      <Filter>HK\04. Object\05. Grass</Filter>
    </ClInclude>
    <ClInclude Include="HK\GrassParticleMesh.h">
      <Filter>HK\04. Object\05. Grass</Filter>
    </ClInclude>
    <ClInclude Include="HK\Statue.h">
      <Filter>HK\04. Object\06. Statue</Filter>
    </ClInclude>
    <ClInclude Include="HK\RockParticle.h">
      <Filter>HK\04. Object\06. Statue</Filter>
    </ClInclude>
    <ClInclude Include="HK\SmallBug.h">
      <Filter>HK\04. Object\01. Bug</Filter>
    </ClInclude>
    <ClInclude Include="HK\Cart.h">
      <Filter>HK\04. Object\06. Statue</Filter>
    </ClInclude>
    <ClInclude Include="HK\FlyingBug.h">
      <Filter>HK\04. Object\01. Bug</Filter>
    </ClInclude>
    <ClInclude Include="HK\BarrelParticle.h">
      <Filter>HK\04. Object\06. Statue</Filter>
    </ClInclude>
    <ClInclude Include="HK\FalseKing.h">
      <Filter>HK\04. Object\01. Bug</Filter>
    </ClInclude>
    <ClInclude Include="HK\MightyEffect.h">
      <Filter>HK\03. Effect\03. FalseKing</Filter>
    </ClInclude>
    <ClInclude Include="HK\PowerWave.h">
      <Filter>HK\03. Effect\03. FalseKing</Filter>
    </ClInclude>
    <ClInclude Include="HK\BloodDust.h">
      <Filter>HK\03. Effect\03. FalseKing</Filter>
    </ClInclude>
    <ClInclude Include="HK\Blob.h">
      <Filter>HK\03. Effect\03. FalseKing</Filter>
    </ClInclude>
    <ClInclude Include="HK\FireBarrel.h">
      <Filter>HK\03. Effect\03. FalseKing</Filter>
    </ClInclude>
    <ClInclude Include="HK\BabyFace.h">
      <Filter>HK\03. Effect\03. FalseKing</Filter>
    </ClInclude>
    <ClInclude Include="HK\WhiteBall.h">
      <Filter>헤더 파일</Filter>
    </ClInclude>
    <ClInclude Include="HK\Coin.h">
      <Filter>HK\04. Object\08. Coin</Filter>
    </ClInclude>
    <ClInclude Include="HK\CoinUI.h">
      <Filter>HK\02. UI</Filter>
    </ClInclude>
    <ClInclude Include="HK\Portal.h">
      <Filter>HK\04. Object</Filter>
    </ClInclude>
    <ClInclude Include="HK\Switch.h">
      <Filter>HK\04. Object</Filter>
    </ClInclude>
    <ClInclude Include="HK\Thorns.h">
      <Filter>HK\04. Object\05. Grass</Filter>
    </ClInclude>
    <ClInclude Include="HK\Darkness.h">
      <Filter>HK\03. Effect\04. Darkness</Filter>
    </ClInclude>
    <ClInclude Include="HK\BlackSoftEffect.h">
      <Filter>HK\03. Effect\00.</Filter>
    </ClInclude>
    <ClInclude Include="HK\BlockHitB.h">
      <Filter>HK\03. Effect\00.</Filter>
    </ClInclude>
    <ClInclude Include="HK\BlockHitEffect.h">
      <Filter>HK\03. Effect\00.</Filter>
    </ClInclude>
    <ClInclude Include="HK\BurstEffect.h">
      <Filter>HK\03. Effect\00.</Filter>
    </ClInclude>
    <ClInclude Include="HK\CrackEffect.h">
      <Filter>HK\03. Effect\00.</Filter>
    </ClInclude>
    <ClInclude Include="HK\DustEffect.h">
      <Filter>HK\03. Effect\00.</Filter>
    </ClInclude>
    <ClInclude Include="HK\GetHit.h">
      <Filter>HK\03. Effect\00.</Filter>
    </ClInclude>
    <ClInclude Include="HK\HitEffect.h">
      <Filter>HK\03. Effect\00.</Filter>
    </ClInclude>
    <ClInclude Include="HK\HKAttackEffect.h">
      <Filter>HK\03. Effect\00.</Filter>
    </ClInclude>
    <ClInclude Include="HK\HPEffect.h">
      <Filter>HK\03. Effect\00.</Filter>
    </ClInclude>
    <ClInclude Include="HK\MonsterHitEffect.h">
      <Filter>HK\03. Effect\00.</Filter>
    </ClInclude>
    <ClInclude Include="HK\SideEffect.h">
      <Filter>HK\03. Effect\00.</Filter>
    </ClInclude>
    <ClInclude Include="HK\SoftEffect.h">
      <Filter>HK\03. Effect\00.</Filter>
    </ClInclude>
    <ClInclude Include="HK\LightEffect.h">
      <Filter>헤더 파일</Filter>
    </ClInclude>
    <ClInclude Include="HK\HPHead.h">
      <Filter>HK\02. UI</Filter>
    </ClInclude>
    <ClInclude Include="HK\CoinEffect.h">
      <Filter>HK\03. Effect\05. CoinEffect</Filter>
    </ClInclude>
    <ClInclude Include="HK\SoulParticle.h">
      <Filter>HK\03. Effect</Filter>
    </ClInclude>
    <ClInclude Include="HK\Door.h">
      <Filter>HK\04. Object\09. Door</Filter>
    </ClInclude>
    <ClInclude Include="HK\HitOrange.h">
      <Filter>헤더 파일</Filter>
    </ClInclude>
    <ClInclude Include="HK\BossText.h">
      <Filter>HK\04. Object\03. Text</Filter>
    </ClInclude>
    <ClInclude Include="HK\WaterDrop.h">
      <Filter>HK\03. Effect</Filter>
    </ClInclude>
    <ClInclude Include="HK\BugParticle.h">
      <Filter>HK\03. Effect</Filter>
    </ClInclude>
    <ClInclude Include="HK\SoundObject.h">
      <Filter>헤더 파일</Filter>
    </ClInclude>
  </ItemGroup>
  <ItemGroup>
    <ResourceCompile Include="Client2D.rc">
      <Filter>리소스 파일</Filter>
    </ResourceCompile>
  </ItemGroup>
  <ItemGroup>
    <Image Include="icon1.ico">
      <Filter>리소스 파일</Filter>
    </Image>
  </ItemGroup>
</Project>